
Microsoft Visual Studio Solution File, Format Version 12.00
# Visual Studio Version 16
VisualStudioVersion = 16.0.31424.327
MinimumVisualStudioVersion = 10.0.40219.1
Project("{9A19103F-16F7-4668-BE54-9A1E7A4F7556}") = "ShopApi", "ShopApi\ShopApi.csproj", "{C0292D7B-15AF-4E61-9019-BD990232CFEA}"
EndProject
Global
	GlobalSection(SolutionConfigurationPlatforms) = preSolution
		Debug|Any CPU = Debug|Any CPU
		Release|Any CPU = Release|Any CPU
	EndGlobalSection
	GlobalSection(ProjectConfigurationPlatforms) = postSolution
		{C0292D7B-15AF-4E61-9019-BD990232CFEA}.Debug|Any CPU.ActiveCfg = Debug|Any CPU
		{C0292D7B-15AF-4E61-9019-BD990232CFEA}.Debug|Any CPU.Build.0 = Debug|Any CPU
		{C0292D7B-15AF-4E61-9019-BD990232CFEA}.Release|Any CPU.ActiveCfg = Release|Any CPU
		{C0292D7B-15AF-4E61-9019-BD990232CFEA}.Release|Any CPU.Build.0 = Release|Any CPU
	EndGlobalSection
	GlobalSection(SolutionProperties) = preSolution
		HideSolutionNode = FALSE
	EndGlobalSection
	GlobalSection(ExtensibilityGlobals) = postSolution
		SolutionGuid = {CE3C7567-0F01-4664-910F-9EE70777D001}
	EndGlobalSection
EndGlobal
